
Microsoft Visual Studio Solution File, Format Version 12.00
# Visual Studio Version 17
VisualStudioVersion = 17.13.35617.110
MinimumVisualStudioVersion = 10.0.40219.1
Project("{FAE04EC0-301F-11D3-BF4B-00C04F79EFBC}") = "SoftSound", "SoftSound\SoftSound.csproj", "{A825C6CC-7FB0-4E10-9D80-A1AD111BF67F}"
EndProject
Project("{FAE04EC0-301F-11D3-BF4B-00C04F79EFBC}") = "LibClases", "LibClases\LibClases.csproj", "{820CE2BD-6D60-4C6D-8BC1-BDD3FF692CB9}"
EndProject
Project("{FAE04EC0-301F-11D3-BF4B-00C04F79EFBC}") = "GUIExtension", "GUIExtension\GUIExtension.csproj", "{A0BC584B-301B-4C2C-8F56-68A2C4F8F5D9}"
EndProject
Global
	GlobalSection(SolutionConfigurationPlatforms) = preSolution
		Debug|Any CPU = Debug|Any CPU
		Release|Any CPU = Release|Any CPU
	EndGlobalSection
	GlobalSection(ProjectConfigurationPlatforms) = postSolution
		{A825C6CC-7FB0-4E10-9D80-A1AD111BF67F}.Debug|Any CPU.ActiveCfg = Debug|Any CPU
		{A825C6CC-7FB0-4E10-9D80-A1AD111BF67F}.Debug|Any CPU.Build.0 = Debug|Any CPU
		{A825C6CC-7FB0-4E10-9D80-A1AD111BF67F}.Release|Any CPU.ActiveCfg = Release|Any CPU
		{A825C6CC-7FB0-4E10-9D80-A1AD111BF67F}.Release|Any CPU.Build.0 = Release|Any CPU
		{820CE2BD-6D60-4C6D-8BC1-BDD3FF692CB9}.Debug|Any CPU.ActiveCfg = Debug|Any CPU
		{820CE2BD-6D60-4C6D-8BC1-BDD3FF692CB9}.Debug|Any CPU.Build.0 = Debug|Any CPU
		{820CE2BD-6D60-4C6D-8BC1-BDD3FF692CB9}.Release|Any CPU.ActiveCfg = Release|Any CPU
		{820CE2BD-6D60-4C6D-8BC1-BDD3FF692CB9}.Release|Any CPU.Build.0 = Release|Any CPU
		{A0BC584B-301B-4C2C-8F56-68A2C4F8F5D9}.Debug|Any CPU.ActiveCfg = Debug|Any CPU
		{A0BC584B-301B-4C2C-8F56-68A2C4F8F5D9}.Debug|Any CPU.Build.0 = Debug|Any CPU
		{A0BC584B-301B-4C2C-8F56-68A2C4F8F5D9}.Release|Any CPU.ActiveCfg = Release|Any CPU
		{A0BC584B-301B-4C2C-8F56-68A2C4F8F5D9}.Release|Any CPU.Build.0 = Release|Any CPU
	EndGlobalSection
	GlobalSection(SolutionProperties) = preSolution
		HideSolutionNode = FALSE
	EndGlobalSection
	GlobalSection(ExtensibilityGlobals) = postSolution
		SolutionGuid = {18CEA5DB-DC55-4C89-A00B-B02523CBB451}
	EndGlobalSection
EndGlobal
